
Microsoft Visual Studio Solution File, Format Version 12.00
# Visual Studio Version 16
VisualStudioVersion = 16.0.31729.503
MinimumVisualStudioVersion = 10.0.40219.1
Project("{9A19103F-16F7-4668-BE54-9A1E7A4F7556}") = "DataLayer", "DataLayer\DataLayer.csproj", "{FDA688F5-9B89-4E64-A234-71B9B0C7B4DA}"
EndProject
Project("{9A19103F-16F7-4668-BE54-9A1E7A4F7556}") = "BusinessLayer", "BusinnessLayer\BusinessLayer.csproj", "{058F0D55-E9D4-4F9C-8AAC-A7934984FFF5}"
EndProject
Project("{FAE04EC0-301F-11D3-BF4B-00C04F79EFBC}") = "Testing", "Testing\Testing.csproj", "{F7426712-47AA-46D3-BF3C-A3CD78225768}"
EndProject
Global
	GlobalSection(SolutionConfigurationPlatforms) = preSolution
		Debug|Any CPU = Debug|Any CPU
		Release|Any CPU = Release|Any CPU
	EndGlobalSection
	GlobalSection(ProjectConfigurationPlatforms) = postSolution
		{FDA688F5-9B89-4E64-A234-71B9B0C7B4DA}.Debug|Any CPU.ActiveCfg = Debug|Any CPU
		{FDA688F5-9B89-4E64-A234-71B9B0C7B4DA}.Debug|Any CPU.Build.0 = Debug|Any CPU
		{FDA688F5-9B89-4E64-A234-71B9B0C7B4DA}.Release|Any CPU.ActiveCfg = Release|Any CPU
		{FDA688F5-9B89-4E64-A234-71B9B0C7B4DA}.Release|Any CPU.Build.0 = Release|Any CPU
		{058F0D55-E9D4-4F9C-8AAC-A7934984FFF5}.Debug|Any CPU.ActiveCfg = Debug|Any CPU
		{058F0D55-E9D4-4F9C-8AAC-A7934984FFF5}.Debug|Any CPU.Build.0 = Debug|Any CPU
		{058F0D55-E9D4-4F9C-8AAC-A7934984FFF5}.Release|Any CPU.ActiveCfg = Release|Any CPU
		{058F0D55-E9D4-4F9C-8AAC-A7934984FFF5}.Release|Any CPU.Build.0 = Release|Any CPU
		{F7426712-47AA-46D3-BF3C-A3CD78225768}.Debug|Any CPU.ActiveCfg = Debug|Any CPU
		{F7426712-47AA-46D3-BF3C-A3CD78225768}.Debug|Any CPU.Build.0 = Debug|Any CPU
		{F7426712-47AA-46D3-BF3C-A3CD78225768}.Release|Any CPU.ActiveCfg = Release|Any CPU
		{F7426712-47AA-46D3-BF3C-A3CD78225768}.Release|Any CPU.Build.0 = Release|Any CPU
	EndGlobalSection
	GlobalSection(SolutionProperties) = preSolution
		HideSolutionNode = FALSE
	EndGlobalSection
	GlobalSection(ExtensibilityGlobals) = postSolution
		SolutionGuid = {91289AE2-0D9D-4CE4-A60F-6B402123FD1A}
	EndGlobalSection
EndGlobal
